
Microsoft Visual Studio Solution File, Format Version 12.00
# Visual Studio Version 17
VisualStudioVersion = 17.8.34330.188
MinimumVisualStudioVersion = 10.0.40219.1
Project("{2150E333-8FDC-42A3-9474-1A3956D46DE8}") = "src", "src", "{C17DDF11-985A-44D3-815A-986A5DF5BA99}"
EndProject
Project("{9A19103F-16F7-4668-BE54-9A1E7A4F7556}") = "Application", "src\Application\Application.csproj", "{D0E7213C-BA54-4A5B-82F5-7FD61A423CDC}"
EndProject
Project("{9A19103F-16F7-4668-BE54-9A1E7A4F7556}") = "Domain", "src\domain\Domain.csproj", "{787055C5-5179-41AB-9157-648F41D35AC2}"
EndProject
Project("{9A19103F-16F7-4668-BE54-9A1E7A4F7556}") = "SharedKernel", "src\SharedKernel\SharedKernel.csproj", "{26FAE0FE-AEE7-44E1-BE69-263F24196729}"
EndProject
Project("{9A19103F-16F7-4668-BE54-9A1E7A4F7556}") = "Infrastructure", "Infrastructure\Infrastructure.csproj", "{CEE2A8A0-DFC7-4729-A75C-7A90F46A18A4}"
EndProject
Project("{9A19103F-16F7-4668-BE54-9A1E7A4F7556}") = "WebAPI", "WebAPI\WebAPI.csproj", "{79093736-F4B7-4219-9108-2AB3CA2FC8EF}"
EndProject
Global
	GlobalSection(SolutionConfigurationPlatforms) = preSolution
		Debug|Any CPU = Debug|Any CPU
		Release|Any CPU = Release|Any CPU
	EndGlobalSection
	GlobalSection(ProjectConfigurationPlatforms) = postSolution
		{D0E7213C-BA54-4A5B-82F5-7FD61A423CDC}.Debug|Any CPU.ActiveCfg = Debug|Any CPU
		{D0E7213C-BA54-4A5B-82F5-7FD61A423CDC}.Debug|Any CPU.Build.0 = Debug|Any CPU
		{D0E7213C-BA54-4A5B-82F5-7FD61A423CDC}.Release|Any CPU.ActiveCfg = Release|Any CPU
		{D0E7213C-BA54-4A5B-82F5-7FD61A423CDC}.Release|Any CPU.Build.0 = Release|Any CPU
		{787055C5-5179-41AB-9157-648F41D35AC2}.Debug|Any CPU.ActiveCfg = Debug|Any CPU
		{787055C5-5179-41AB-9157-648F41D35AC2}.Debug|Any CPU.Build.0 = Debug|Any CPU
		{787055C5-5179-41AB-9157-648F41D35AC2}.Release|Any CPU.ActiveCfg = Release|Any CPU
		{787055C5-5179-41AB-9157-648F41D35AC2}.Release|Any CPU.Build.0 = Release|Any CPU
		{26FAE0FE-AEE7-44E1-BE69-263F24196729}.Debug|Any CPU.ActiveCfg = Debug|Any CPU
		{26FAE0FE-AEE7-44E1-BE69-263F24196729}.Debug|Any CPU.Build.0 = Debug|Any CPU
		{26FAE0FE-AEE7-44E1-BE69-263F24196729}.Release|Any CPU.ActiveCfg = Release|Any CPU
		{26FAE0FE-AEE7-44E1-BE69-263F24196729}.Release|Any CPU.Build.0 = Release|Any CPU
		{CEE2A8A0-DFC7-4729-A75C-7A90F46A18A4}.Debug|Any CPU.ActiveCfg = Debug|Any CPU
		{CEE2A8A0-DFC7-4729-A75C-7A90F46A18A4}.Debug|Any CPU.Build.0 = Debug|Any CPU
		{CEE2A8A0-DFC7-4729-A75C-7A90F46A18A4}.Release|Any CPU.ActiveCfg = Release|Any CPU
		{CEE2A8A0-DFC7-4729-A75C-7A90F46A18A4}.Release|Any CPU.Build.0 = Release|Any CPU
		{79093736-F4B7-4219-9108-2AB3CA2FC8EF}.Debug|Any CPU.ActiveCfg = Debug|Any CPU
		{79093736-F4B7-4219-9108-2AB3CA2FC8EF}.Debug|Any CPU.Build.0 = Debug|Any CPU
		{79093736-F4B7-4219-9108-2AB3CA2FC8EF}.Release|Any CPU.ActiveCfg = Release|Any CPU
		{79093736-F4B7-4219-9108-2AB3CA2FC8EF}.Release|Any CPU.Build.0 = Release|Any CPU
	EndGlobalSection
	GlobalSection(SolutionProperties) = preSolution
		HideSolutionNode = FALSE
	EndGlobalSection
	GlobalSection(NestedProjects) = preSolution
		{D0E7213C-BA54-4A5B-82F5-7FD61A423CDC} = {C17DDF11-985A-44D3-815A-986A5DF5BA99}
		{787055C5-5179-41AB-9157-648F41D35AC2} = {C17DDF11-985A-44D3-815A-986A5DF5BA99}
		{26FAE0FE-AEE7-44E1-BE69-263F24196729} = {C17DDF11-985A-44D3-815A-986A5DF5BA99}
		{CEE2A8A0-DFC7-4729-A75C-7A90F46A18A4} = {C17DDF11-985A-44D3-815A-986A5DF5BA99}
		{79093736-F4B7-4219-9108-2AB3CA2FC8EF} = {C17DDF11-985A-44D3-815A-986A5DF5BA99}
	EndGlobalSection
	GlobalSection(ExtensibilityGlobals) = postSolution
		SolutionGuid = {3B9614A7-F02F-4DB6-91A9-E3B3D151BEB1}
	EndGlobalSection
EndGlobal
